// !$*UTF8*$!
{
	archiveVersion = 1;
	classes = {
	};
	objectVersion = 48;
	objects = {

/* Begin PBXBuildFile section */
		5F14CD46200E63A600873E48 /* AppDelegate.swift in Sources */ = {isa = PBXBuildFile; fileRef = 5F14CD45200E63A600873E48 /* AppDelegate.swift */; };
		5F14CD48200E63A600873E48 /* ChecklistViewController.swift in Sources */ = {isa = PBXBuildFile; fileRef = 5F14CD47200E63A600873E48 /* ChecklistViewController.swift */; };
		5F14CD4B200E63A600873E48 /* Main.storyboard in Resources */ = {isa = PBXBuildFile; fileRef = 5F14CD49200E63A600873E48 /* Main.storyboard */; };
		5F14CD4D200E63A700873E48 /* Assets.xcassets in Resources */ = {isa = PBXBuildFile; fileRef = 5F14CD4C200E63A700873E48 /* Assets.xcassets */; };
		5F14CD50200E63A700873E48 /* LaunchScreen.storyboard in Resources */ = {isa = PBXBuildFile; fileRef = 5F14CD4E200E63A700873E48 /* LaunchScreen.storyboard */; };
		5F14CD58200E7F4900873E48 /* ChecklistItem.swift in Sources */ = {isa = PBXBuildFile; fileRef = 5F14CD57200E7F4900873E48 /* ChecklistItem.swift */; };
		5F3138872013E5A200D85E9C /* ItemDetailViewController.swift in Sources */ = {isa = PBXBuildFile; fileRef = 5F3138862013E5A200D85E9C /* ItemDetailViewController.swift */; };
		5F313889201437BB00D85E9C /* AllListsViewController.swift in Sources */ = {isa = PBXBuildFile; fileRef = 5F313888201437BB00D85E9C /* AllListsViewController.swift */; };
		5F31388E2014479200D85E9C /* Checklist.swift in Sources */ = {isa = PBXBuildFile; fileRef = 5F31388D2014479200D85E9C /* Checklist.swift */; };
		5F313892201464FC00D85E9C /* ChecklistCell.xib in Resources */ = {isa = PBXBuildFile; fileRef = 5F313890201464FC00D85E9C /* ChecklistCell.xib */; };
		5F5292DF2011B0EB0049AD7A /* ChecklistItemCell.swift in Sources */ = {isa = PBXBuildFile; fileRef = 5F5292DD2011B0EB0049AD7A /* ChecklistItemCell.swift */; };
		5F5292E02011B0EB0049AD7A /* ChecklistItemCell.xib in Resources */ = {isa = PBXBuildFile; fileRef = 5F5292DE2011B0EB0049AD7A /* ChecklistItemCell.xib */; };
		5F610DE9201660D000560F41 /* IconPickerViewController.swift in Sources */ = {isa = PBXBuildFile; fileRef = 5F610DE8201660D000560F41 /* IconPickerViewController.swift */; };
		5F610DEC20166E1300560F41 /* IconCell.swift in Sources */ = {isa = PBXBuildFile; fileRef = 5F610DEA20166E1300560F41 /* IconCell.swift */; };
		5F610DED20166E1300560F41 /* IconCell.xib in Resources */ = {isa = PBXBuildFile; fileRef = 5F610DEB20166E1300560F41 /* IconCell.xib */; };
		5F7B428820158DEA00A9842E /* ListDetailViewController.swift in Sources */ = {isa = PBXBuildFile; fileRef = 5F7B428720158DEA00A9842E /* ListDetailViewController.swift */; };
		5F7B428A2015CB0400A9842E /* DataModel.swift in Sources */ = {isa = PBXBuildFile; fileRef = 5F7B42892015CB0400A9842E /* DataModel.swift */; };
/* End PBXBuildFile section */

/* Begin PBXFileReference section */
		5F14CD42200E63A600873E48 /* ToDoChecklist.app */ = {isa = PBXFileReference; explicitFileType = wrapper.application; includeInIndex = 0; path = ToDoChecklist.app; sourceTree = BUILT_PRODUCTS_DIR; };
		5F14CD45200E63A600873E48 /* AppDelegate.swift */ = {isa = PBXFileReference; lastKnownFileType = sourcecode.swift; path = AppDelegate.swift; sourceTree = "<group>"; };
		5F14CD47200E63A600873E48 /* ChecklistViewController.swift */ = {isa = PBXFileReference; lastKnownFileType = sourcecode.swift; path = ChecklistViewController.swift; sourceTree = "<group>"; };
		5F14CD4A200E63A600873E48 /* Base */ = {isa = PBXFileReference; lastKnownFileType = file.storyboard; name = Base; path = Base.lproj/Main.storyboard; sourceTree = "<group>"; };
		5F14CD4C200E63A700873E48 /* Assets.xcassets */ = {isa = PBXFileReference; lastKnownFileType = folder.assetcatalog; path = Assets.xcassets; sourceTree = "<group>"; };
		5F14CD4F200E63A700873E48 /* Base */ = {isa = PBXFileReference; lastKnownFileType = file.storyboard; name = Base; path = Base.lproj/LaunchScreen.storyboard; sourceTree = "<group>"; };
		5F14CD51200E63A700873E48 /* Info.plist */ = {isa = PBXFileReference; lastKnownFileType = text.plist.xml; path = Info.plist; sourceTree = "<group>"; };
		5F14CD57200E7F4900873E48 /* ChecklistItem.swift */ = {isa = PBXFileReference; lastKnownFileType = sourcecode.swift; path = ChecklistItem.swift; sourceTree = "<group>"; };
		5F3138862013E5A200D85E9C /* ItemDetailViewController.swift */ = {isa = PBXFileReference; lastKnownFileType = sourcecode.swift; path = ItemDetailViewController.swift; sourceTree = "<group>"; };
		5F313888201437BB00D85E9C /* AllListsViewController.swift */ = {isa = PBXFileReference; lastKnownFileType = sourcecode.swift; path = AllListsViewController.swift; sourceTree = "<group>"; };
		5F31388D2014479200D85E9C /* Checklist.swift */ = {isa = PBXFileReference; lastKnownFileType = sourcecode.swift; path = Checklist.swift; sourceTree = "<group>"; };
		5F313890201464FC00D85E9C /* ChecklistCell.xib */ = {isa = PBXFileReference; lastKnownFileType = file.xib; path = ChecklistCell.xib; sourceTree = "<group>"; };
		5F5292DD2011B0EB0049AD7A /* ChecklistItemCell.swift */ = {isa = PBXFileReference; lastKnownFileType = sourcecode.swift; path = ChecklistItemCell.swift; sourceTree = "<group>"; };
		5F5292DE2011B0EB0049AD7A /* ChecklistItemCell.xib */ = {isa = PBXFileReference; lastKnownFileType = file.xib; path = ChecklistItemCell.xib; sourceTree = "<group>"; };
		5F610DE8201660D000560F41 /* IconPickerViewController.swift */ = {isa = PBXFileReference; lastKnownFileType = sourcecode.swift; path = IconPickerViewController.swift; sourceTree = "<group>"; };
		5F610DEA20166E1300560F41 /* IconCell.swift */ = {isa = PBXFileReference; lastKnownFileType = sourcecode.swift; path = IconCell.swift; sourceTree = "<group>"; };
		5F610DEB20166E1300560F41 /* IconCell.xib */ = {isa = PBXFileReference; lastKnownFileType = file.xib; path = IconCell.xib; sourceTree = "<group>"; };
		5F7B428720158DEA00A9842E /* ListDetailViewController.swift */ = {isa = PBXFileReference; lastKnownFileType = sourcecode.swift; path = ListDetailViewController.swift; sourceTree = "<group>"; };
		5F7B42892015CB0400A9842E /* DataModel.swift */ = {isa = PBXFileReference; lastKnownFileType = sourcecode.swift; path = DataModel.swift; sourceTree = "<group>"; };
/* End PBXFileReference section */

/* Begin PBXFrameworksBuildPhase section */
		5F14CD3F200E63A600873E48 /* Frameworks */ = {
			isa = PBXFrameworksBuildPhase;
			buildActionMask = 2147483647;
			files = (
			);
			runOnlyForDeploymentPostprocessing = 0;
		};
/* End PBXFrameworksBuildPhase section */

/* Begin PBXGroup section */
		5F14CD39200E63A600873E48 = {
			isa = PBXGroup;
			children = (
				5F14CD43200E63A600873E48 /* Products */,
				5F14CD44200E63A600873E48 /* ToDoChecklist */,
			);
			sourceTree = "<group>";
		};
		5F14CD43200E63A600873E48 /* Products */ = {
			isa = PBXGroup;
			children = (
				5F14CD42200E63A600873E48 /* ToDoChecklist.app */,
			);
			name = Products;
			sourceTree = "<group>";
		};
		5F14CD44200E63A600873E48 /* ToDoChecklist */ = {
			isa = PBXGroup;
			children = (
				5F610DE720163B3E00560F41 /* Resources */,
				5F14CD45200E63A600873E48 /* AppDelegate.swift */,
				5F31388C201444FE00D85E9C /* Controllers */,
				5F14CD51200E63A700873E48 /* Info.plist */,
				5F31388A201444DA00D85E9C /* Models */,
				5F31388B201444ED00D85E9C /* Views */,
			);
			path = ToDoChecklist;
			sourceTree = "<group>";
		};
		5F31388A201444DA00D85E9C /* Models */ = {
			isa = PBXGroup;
			children = (
				5F31388D2014479200D85E9C /* Checklist.swift */,
				5F14CD57200E7F4900873E48 /* ChecklistItem.swift */,
				5F7B42892015CB0400A9842E /* DataModel.swift */,
			);
			path = Models;
			sourceTree = "<group>";
		};
		5F31388B201444ED00D85E9C /* Views */ = {
			isa = PBXGroup;
			children = (
				5F313890201464FC00D85E9C /* ChecklistCell.xib */,
				5F5292DD2011B0EB0049AD7A /* ChecklistItemCell.swift */,
				5F5292DE2011B0EB0049AD7A /* ChecklistItemCell.xib */,
				5F610DEA20166E1300560F41 /* IconCell.swift */,
				5F610DEB20166E1300560F41 /* IconCell.xib */,
			);
			path = Views;
			sourceTree = "<group>";
		};
		5F31388C201444FE00D85E9C /* Controllers */ = {
			isa = PBXGroup;
			children = (
				5F313888201437BB00D85E9C /* AllListsViewController.swift */,
				5F14CD47200E63A600873E48 /* ChecklistViewController.swift */,
				5F3138862013E5A200D85E9C /* ItemDetailViewController.swift */,
				5F7B428720158DEA00A9842E /* ListDetailViewController.swift */,
				5F610DE8201660D000560F41 /* IconPickerViewController.swift */,
			);
			path = Controllers;
			sourceTree = "<group>";
		};
		5F610DE720163B3E00560F41 /* Resources */ = {
			isa = PBXGroup;
			children = (
				5F14CD4C200E63A700873E48 /* Assets.xcassets */,
				5F14CD4E200E63A700873E48 /* LaunchScreen.storyboard */,
				5F14CD49200E63A600873E48 /* Main.storyboard */,
			);
			path = Resources;
			sourceTree = "<group>";
		};
/* End PBXGroup section */

/* Begin PBXNativeTarget section */
		5F14CD41200E63A600873E48 /* ToDoChecklist */ = {
			isa = PBXNativeTarget;
			buildConfigurationList = 5F14CD54200E63A700873E48 /* Build configuration list for PBXNativeTarget "ToDoChecklist" */;
			buildPhases = (
				5F14CD3E200E63A600873E48 /* Sources */,
				5F14CD3F200E63A600873E48 /* Frameworks */,
				5F14CD40200E63A600873E48 /* Resources */,
			);
			buildRules = (
			);
			dependencies = (
			);
			name = ToDoChecklist;
			productName = ToDoChecklist;
			productReference = 5F14CD42200E63A600873E48 /* ToDoChecklist.app */;
			productType = "com.apple.product-type.application";
		};
/* End PBXNativeTarget section */

/* Begin PBXProject section */
		5F14CD3A200E63A600873E48 /* Project object */ = {
			isa = PBXProject;
			attributes = {
				LastSwiftUpdateCheck = 0920;
				LastUpgradeCheck = 0920;
				ORGANIZATIONNAME = "Claudia Carrillo";
				TargetAttributes = {
					5F14CD41200E63A600873E48 = {
						CreatedOnToolsVersion = 9.2;
						ProvisioningStyle = Automatic;
					};
				};
			};
			buildConfigurationList = 5F14CD3D200E63A600873E48 /* Build configuration list for PBXProject "ToDoChecklist" */;
			compatibilityVersion = "Xcode 8.0";
			developmentRegion = en;
			hasScannedForEncodings = 0;
			knownRegions = (
				en,
				Base,
			);
			mainGroup = 5F14CD39200E63A600873E48;
			productRefGroup = 5F14CD43200E63A600873E48 /* Products */;
			projectDirPath = "";
			projectRoot = "";
			targets = (
				5F14CD41200E63A600873E48 /* ToDoChecklist */,
			);
		};
/* End PBXProject section */

/* Begin PBXResourcesBuildPhase section */
		5F14CD40200E63A600873E48 /* Resources */ = {
			isa = PBXResourcesBuildPhase;
			buildActionMask = 2147483647;
			files = (
				5F610DED20166E1300560F41 /* IconCell.xib in Resources */,
				5F14CD50200E63A700873E48 /* LaunchScreen.storyboard in Resources */,
				5F14CD4D200E63A700873E48 /* Assets.xcassets in Resources */,
				5F14CD4B200E63A600873E48 /* Main.storyboard in Resources */,
				5F313892201464FC00D85E9C /* ChecklistCell.xib in Resources */,
				5F5292E02011B0EB0049AD7A /* ChecklistItemCell.xib in Resources */,
			);
			runOnlyForDeploymentPostprocessing = 0;
		};
/* End PBXResourcesBuildPhase section */

/* Begin PBXSourcesBuildPhase section */
		5F14CD3E200E63A600873E48 /* Sources */ = {
			isa = PBXSourcesBuildPhase;
			buildActionMask = 2147483647;
			files = (
				5F5292DF2011B0EB0049AD7A /* ChecklistItemCell.swift in Sources */,
				5F14CD48200E63A600873E48 /* ChecklistViewController.swift in Sources */,
				5F313889201437BB00D85E9C /* AllListsViewController.swift in Sources */,
				5F610DEC20166E1300560F41 /* IconCell.swift in Sources */,
				5F3138872013E5A200D85E9C /* ItemDetailViewController.swift in Sources */,
				5F610DE9201660D000560F41 /* IconPickerViewController.swift in Sources */,
				5F7B428A2015CB0400A9842E /* DataModel.swift in Sources */,
				5F14CD58200E7F4900873E48 /* ChecklistItem.swift in Sources */,
				5F7B428820158DEA00A9842E /* ListDetailViewController.swift in Sources */,
				5F14CD46200E63A600873E48 /* AppDelegate.swift in Sources */,
				5F31388E2014479200D85E9C /* Checklist.swift in Sources */,
			);
			runOnlyForDeploymentPostprocessing = 0;
		};
/* End PBXSourcesBuildPhase section */

/* Begin PBXVariantGroup section */
		5F14CD49200E63A600873E48 /* Main.storyboard */ = {
			isa = PBXVariantGroup;
			children = (
				5F14CD4A200E63A600873E48 /* Base */,
			);
			name = Main.storyboard;
			sourceTree = "<group>";
		};
		5F14CD4E200E63A700873E48 /* LaunchScreen.storyboard */ = {
			isa = PBXVariantGroup;
			children = (
				5F14CD4F200E63A700873E48 /* Base */,
			);
			name = LaunchScreen.storyboard;
			sourceTree = "<group>";
		};
/* End PBXVariantGroup section */

/* Begin XCBuildConfiguration section */
		5F14CD52200E63A700873E48 /* Debug */ = {
			isa = XCBuildConfiguration;
			buildSettings = {
				ALWAYS_SEARCH_USER_PATHS = NO;
				CLANG_ANALYZER_NONNULL = YES;
				CLANG_ANALYZER_NUMBER_OBJECT_CONVERSION = YES_AGGRESSIVE;
				CLANG_CXX_LANGUAGE_STANDARD = "gnu++14";
				CLANG_CXX_LIBRARY = "libc++";
				CLANG_ENABLE_MODULES = YES;
				CLANG_ENABLE_OBJC_ARC = YES;
				CLANG_WARN_BLOCK_CAPTURE_AUTORELEASING = YES;
				CLANG_WARN_BOOL_CONVERSION = YES;
				CLANG_WARN_COMMA = YES;
				CLANG_WARN_CONSTANT_CONVERSION = YES;
				CLANG_WARN_DIRECT_OBJC_ISA_USAGE = YES_ERROR;
				CLANG_WARN_DOCUMENTATION_COMMENTS = YES;
				CLANG_WARN_EMPTY_BODY = YES;
				CLANG_WARN_ENUM_CONVERSION = YES;
				CLANG_WARN_INFINITE_RECURSION = YES;
				CLANG_WARN_INT_CONVERSION = YES;
				CLANG_WARN_NON_LITERAL_NULL_CONVERSION = YES;
				CLANG_WARN_OBJC_LITERAL_CONVERSION = YES;
				CLANG_WARN_OBJC_ROOT_CLASS = YES_ERROR;
				CLANG_WARN_RANGE_LOOP_ANALYSIS = YES;
				CLANG_WARN_STRICT_PROTOTYPES = YES;
				CLANG_WARN_SUSPICIOUS_MOVE = YES;
				CLANG_WARN_UNGUARDED_AVAILABILITY = YES_AGGRESSIVE;
				CLANG_WARN_UNREACHABLE_CODE = YES;
				CLANG_WARN__DUPLICATE_METHOD_MATCH = YES;
				CODE_SIGN_IDENTITY = "iPhone Developer";
				COPY_PHASE_STRIP = NO;
				DEBUG_INFORMATION_FORMAT = dwarf;
				ENABLE_STRICT_OBJC_MSGSEND = YES;
				ENABLE_TESTABILITY = YES;
				GCC_C_LANGUAGE_STANDARD = gnu11;
				GCC_DYNAMIC_NO_PIC = NO;
				GCC_NO_COMMON_BLOCKS = YES;
				GCC_OPTIMIZATION_LEVEL = 0;
				GCC_PREPROCESSOR_DEFINITIONS = (
					"DEBUG=1",
					"$(inherited)",
				);
				GCC_WARN_64_TO_32_BIT_CONVERSION = YES;
				GCC_WARN_ABOUT_RETURN_TYPE = YES_ERROR;
				GCC_WARN_UNDECLARED_SELECTOR = YES;
				GCC_WARN_UNINITIALIZED_AUTOS = YES_AGGRESSIVE;
				GCC_WARN_UNUSED_FUNCTION = YES;
				GCC_WARN_UNUSED_VARIABLE = YES;
				IPHONEOS_DEPLOYMENT_TARGET = 11.2;
				MTL_ENABLE_DEBUG_INFO = YES;
				ONLY_ACTIVE_ARCH = YES;
				SDKROOT = iphoneos;
				SWIFT_ACTIVE_COMPILATION_CONDITIONS = DEBUG;
				SWIFT_OPTIMIZATION_LEVEL = "-Onone";
			};
			name = Debug;
		};
		5F14CD53200E63A700873E48 /* Release */ = {
			isa = XCBuildConfiguration;
			buildSettings = {
				ALWAYS_SEARCH_USER_PATHS = NO;
				CLANG_ANALYZER_NONNULL = YES;
				CLANG_ANALYZER_NUMBER_OBJECT_CONVERSION = YES_AGGRESSIVE;
				CLANG_CXX_LANGUAGE_STANDARD = "gnu++14";
				CLANG_CXX_LIBRARY = "libc++";
				CLANG_ENABLE_MODULES = YES;
				CLANG_ENABLE_OBJC_ARC = YES;
				CLANG_WARN_BLOCK_CAPTURE_AUTORELEASING = YES;
				CLANG_WARN_BOOL_CONVERSION = YES;
				CLANG_WARN_COMMA = YES;
				CLANG_WARN_CONSTANT_CONVERSION = YES;
				CLANG_WARN_DIRECT_OBJC_ISA_USAGE = YES_ERROR;
				CLANG_WARN_DOCUMENTATION_COMMENTS = YES;
				CLANG_WARN_EMPTY_BODY = YES;
				CLANG_WARN_ENUM_CONVERSION = YES;
				CLANG_WARN_INFINITE_RECURSION = YES;
				CLANG_WARN_INT_CONVERSION = YES;
				CLANG_WARN_NON_LITERAL_NULL_CONVERSION = YES;
				CLANG_WARN_OBJC_LITERAL_CONVERSION = YES;
				CLANG_WARN_OBJC_ROOT_CLASS = YES_ERROR;
				CLANG_WARN_RANGE_LOOP_ANALYSIS = YES;
				CLANG_WARN_STRICT_PROTOTYPES = YES;
				CLANG_WARN_SUSPICIOUS_MOVE = YES;
				CLANG_WARN_UNGUARDED_AVAILABILITY = YES_AGGRESSIVE;
				CLANG_WARN_UNREACHABLE_CODE = YES;
				CLANG_WARN__DUPLICATE_METHOD_MATCH = YES;
				CODE_SIGN_IDENTITY = "iPhone Developer";
				COPY_PHASE_STRIP = NO;
				DEBUG_INFORMATION_FORMAT = "dwarf-with-dsym";
				ENABLE_NS_ASSERTIONS = NO;
				ENABLE_STRICT_OBJC_MSGSEND = YES;
				GCC_C_LANGUAGE_STANDARD = gnu11;
				GCC_NO_COMMON_BLOCKS = YES;
				GCC_WARN_64_TO_32_BIT_CONVERSION = YES;
				GCC_WARN_ABOUT_RETURN_TYPE = YES_ERROR;
				GCC_WARN_UNDECLARED_SELECTOR = YES;
				GCC_WARN_UNINITIALIZED_AUTOS = YES_AGGRESSIVE;
				GCC_WARN_UNUSED_FUNCTION = YES;
				GCC_WARN_UNUSED_VARIABLE = YES;
				IPHONEOS_DEPLOYMENT_TARGET = 11.2;
				MTL_ENABLE_DEBUG_INFO = NO;
				SDKROOT = iphoneos;
				SWIFT_OPTIMIZATION_LEVEL = "-Owholemodule";
				VALIDATE_PRODUCT = YES;
			};
			name = Release;
		};
		5F14CD55200E63A700873E48 /* Debug */ = {
			isa = XCBuildConfiguration;
			buildSettings = {
				ASSETCATALOG_COMPILER_APPICON_NAME = AppIcon;
				CODE_SIGN_STYLE = Automatic;
				DEVELOPMENT_TEAM = FQB7945LTG;
				INFOPLIST_FILE = ToDoChecklist/Info.plist;
				IPHONEOS_DEPLOYMENT_TARGET = 11.0;
				LD_RUNPATH_SEARCH_PATHS = "$(inherited) @executable_path/Frameworks";
				PRODUCT_BUNDLE_IDENTIFIER = nearsoft.ToDoChecklist;
				PRODUCT_NAME = "$(TARGET_NAME)";
				SWIFT_VERSION = 4.0;
				TARGETED_DEVICE_FAMILY = "1,2";
			};
			name = Debug;
		};
		5F14CD56200E63A700873E48 /* Release */ = {
			isa = XCBuildConfiguration;
			buildSettings = {
				ASSETCATALOG_COMPILER_APPICON_NAME = AppIcon;
				CODE_SIGN_STYLE = Automatic;
				DEVELOPMENT_TEAM = FQB7945LTG;
				INFOPLIST_FILE = ToDoChecklist/Info.plist;
				IPHONEOS_DEPLOYMENT_TARGET = 11.0;
				LD_RUNPATH_SEARCH_PATHS = "$(inherited) @executable_path/Frameworks";
				PRODUCT_BUNDLE_IDENTIFIER = nearsoft.ToDoChecklist;
				PRODUCT_NAME = "$(TARGET_NAME)";
				SWIFT_VERSION = 4.0;
				TARGETED_DEVICE_FAMILY = "1,2";
			};
			name = Release;
		};
/* End XCBuildConfiguration section */

/* Begin XCConfigurationList section */
		5F14CD3D200E63A600873E48 /* Build configuration list for PBXProject "ToDoChecklist" */ = {
			isa = XCConfigurationList;
			buildConfigurations = (
				5F14CD52200E63A700873E48 /* Debug */,
				5F14CD53200E63A700873E48 /* Release */,
			);
			defaultConfigurationIsVisible = 0;
			defaultConfigurationName = Release;
		};
		5F14CD54200E63A700873E48 /* Build configuration list for PBXNativeTarget "ToDoChecklist" */ = {
			isa = XCConfigurationList;
			buildConfigurations = (
				5F14CD55200E63A700873E48 /* Debug */,
				5F14CD56200E63A700873E48 /* Release */,
			);
			defaultConfigurationIsVisible = 0;
			defaultConfigurationName = Release;
		};
/* End XCConfigurationList section */
	};
	rootObject = 5F14CD3A200E63A600873E48 /* Project object */;
}
